
Microsoft Visual Studio Solution File, Format Version 12.00
# Visual Studio Version 17
VisualStudioVersion = 17.13.35828.75 d17.13
MinimumVisualStudioVersion = 10.0.40219.1
Project("{FAE04EC0-301F-11D3-BF4B-00C04F79EFBC}") = "COMP003B.Assignment4", "COMP003B.Assignment4\COMP003B.Assignment4.csproj", "{D5658023-0179-4785-90DD-A736FE251FEF}"
EndProject
Global
	GlobalSection(SolutionConfigurationPlatforms) = preSolution
		Debug|Any CPU = Debug|Any CPU
		Release|Any CPU = Release|Any CPU
	EndGlobalSection
	GlobalSection(ProjectConfigurationPlatforms) = postSolution
		{D5658023-0179-4785-90DD-A736FE251FEF}.Debug|Any CPU.ActiveCfg = Debug|Any CPU
		{D5658023-0179-4785-90DD-A736FE251FEF}.Debug|Any CPU.Build.0 = Debug|Any CPU
		{D5658023-0179-4785-90DD-A736FE251FEF}.Release|Any CPU.ActiveCfg = Release|Any CPU
		{D5658023-0179-4785-90DD-A736FE251FEF}.Release|Any CPU.Build.0 = Release|Any CPU
	EndGlobalSection
	GlobalSection(SolutionProperties) = preSolution
		HideSolutionNode = FALSE
	EndGlobalSection
	GlobalSection(ExtensibilityGlobals) = postSolution
		SolutionGuid = {CB249684-35F7-44DD-96EE-A7AB8658BA89}
	EndGlobalSection
EndGlobal
